<?xml version="1.0" encoding="utf-8"?>
<Project ToolsVersion="4.0" xmlns="http://schemas.microsoft.com/developer/msbuild/2003">
  <ItemGroup>
    <ClInclude Include="JugX\AABB.h">
      <Filter>Math\Geomtry</Filter>
    </ClInclude>
    <ClInclude Include="JugX\AffineTransform.h">
      <Filter>Math\Geomtry</Filter>
    </ClInclude>
    <ClInclude Include="JugX\Callable.h">
      <Filter>Callable</Filter>
    </ClInclude>
    <ClInclude Include="JugX\Collision.h">
      <Filter>Math\Geomtry</Filter>
    </ClInclude>
    <ClInclude Include="JugX\Corner.h">
      <Filter>Math\Geomtry</Filter>
    </ClInclude>
    <ClInclude Include="JugX\Float16.h">
      <Filter>Math\Misc</Filter>
    </ClInclude>
    <ClInclude Include="JugX\Frustum.h">
      <Filter>Math\Geomtry</Filter>
    </ClInclude>
    <ClInclude Include="JugX\Handle.h">
      <Filter>Handle</Filter>
    </ClInclude>
    <ClInclude Include="JugX\HandleAllocator.h">
      <Filter>Handle</Filter>
    </ClInclude>
    <ClInclude Include="JugX\Interval.h">
      <Filter>Math\Geomtry</Filter>
    </ClInclude>
    <ClInclude Include="JugX\Matrix.h">
      <Filter>Math\LinearAlgebra\Matrix</Filter>
    </ClInclude>
    <ClInclude Include="JugX\AxisAngle.h">
      <Filter>Math\LinearAlgebra\Quaternion</Filter>
    </ClInclude>
    <ClInclude Include="JugX\Vector.h">
      <Filter>Math\LinearAlgebra\Vector</Filter>
    </ClInclude>
    <ClInclude Include="JugX\Vector2.h">
      <Filter>Math\LinearAlgebra\Vector</Filter>
    </ClInclude>
    <ClInclude Include="JugX\Vector3.h">
      <Filter>Math\LinearAlgebra\Vector</Filter>
    </ClInclude>
    <ClInclude Include="JugX\Vector4.h">
      <Filter>Math\LinearAlgebra\Vector</Filter>
    </ClInclude>
    <ClInclude Include="JugX\Triangle.h">
      <Filter>Math\Geomtry</Filter>
    </ClInclude>
    <ClInclude Include="JugX\Sphere.h">
      <Filter>Math\Geomtry</Filter>
    </ClInclude>
    <ClInclude Include="JugX\OBB.h">
      <Filter>Math\Geomtry</Filter>
    </ClInclude>
    <ClInclude Include="JugX\Octree.h">
      <Filter>Math\AccelatorStructure</Filter>
    </ClInclude>
    <ClInclude Include="JugX\Plane.h">
      <Filter>Math\Geomtry</Filter>
    </ClInclude>
    <ClInclude Include="JugX\Ray.h">
      <Filter>Math\Geomtry</Filter>
    </ClInclude>
    <ClInclude Include="JugX\RefCount.h">
      <Filter>Memroy\SmartPointer</Filter>
    </ClInclude>
    <ClInclude Include="JugX\Scoped.h">
      <Filter>Memroy\SmartPointer</Filter>
    </ClInclude>
    <ClInclude Include="JugX\Math.h">
      <Filter>Math\Base</Filter>
    </ClInclude>
    <ClInclude Include="JugX\RGBA.h">
      <Filter>Math\Misc</Filter>
    </ClInclude>
    <ClInclude Include="JugX\Quaternion.h">
      <Filter>Math\LinearAlgebra\Quaternion</Filter>
    </ClInclude>
    <ClInclude Include="JugX\ResourcePool.h">
      <Filter>Handle</Filter>
    </ClInclude>
    <ClInclude Include="JugX\Config.h">
      <Filter>Base</Filter>
    </ClInclude>
    <ClInclude Include="JugX\Ref.h">
      <Filter>Memroy\SmartPointer</Filter>
    </ClInclude>
    <ClInclude Include="JugX\SIMD.h">
      <Filter>Math\Base</Filter>
    </ClInclude>
    <ClInclude Include="JugX\ObjectPool.h">
      <Filter>Memroy\MemoryPool</Filter>
    </ClInclude>
    <ClInclude Include="JugX\MemoryArena.h">
      <Filter>Memroy\MemoryPool</Filter>
    </ClInclude>
    <ClInclude Include="JugX\Align.h">
      <Filter>Memroy\Utils</Filter>
    </ClInclude>
    <ClInclude Include="JugX\TypeTraits.h">
      <Filter>Type</Filter>
    </ClInclude>
    <ClInclude Include="JugX\TypeRefl.h">
      <Filter>Type</Filter>
    </ClInclude>
    <ClInclude Include="JugX\EnumRefl.h">
      <Filter>Enum</Filter>
    </ClInclude>
    <ClInclude Include="JugX\EnumArray.h">
      <Filter>Enum</Filter>
    </ClInclude>
    <ClInclude Include="JugX\EnumFlags.h">
      <Filter>Enum</Filter>
    </ClInclude>
    <ClInclude Include="JugX\StringEncoder.h">
      <Filter>String</Filter>
    </ClInclude>
    <ClInclude Include="JugX\MemoryView.h">
      <Filter>Memroy\Memory</Filter>
    </ClInclude>
    <ClInclude Include="JugX\Memory.h">
      <Filter>Memroy\Memory</Filter>
    </ClInclude>
    <ClInclude Include="JugX\ConsoleLogger.h">
      <Filter>Log</Filter>
    </ClInclude>
    <ClInclude Include="JugX\Logger.h">
      <Filter>Log</Filter>
    </ClInclude>
    <ClInclude Include="JugX\Timer.h">
      <Filter>Timer</Filter>
    </ClInclude>
    <ClInclude Include="JugX\TimeStamp.h">
      <Filter>Timer</Filter>
    </ClInclude>
    <ClInclude Include="JugX\FileLogger.h">
      <Filter>Log</Filter>
    </ClInclude>
    <ClInclude Include="JugX\MemoryLogger.h">
      <Filter>Log</Filter>
    </ClInclude>
    <ClInclude Include="JugX\GroupLogger.h">
      <Filter>Log</Filter>
    </ClInclude>
    <ClInclude Include="JugX\StringFormat.h">
      <Filter>String</Filter>
    </ClInclude>
    <ClInclude Include="JugX\RingBuffer.h">
      <Filter>Container\RingBuffer</Filter>
    </ClInclude>
    <ClInclude Include="JugX\Alloc.h">
      <Filter>Memroy\Alloc</Filter>
    </ClInclude>
    <ClInclude Include="JugX\Assert.h">
      <Filter>Base</Filter>
    </ClInclude>
    <ClInclude Include="JugX\CoreLogger.h">
      <Filter>Log</Filter>
    </ClInclude>
    <ClInclude Include="JugX\Allocator.h">
      <Filter>Memroy\Alloc</Filter>
    </ClInclude>
    <ClInclude Include="JugX\Typedef.h">
      <Filter>Base</Filter>
    </ClInclude>
    <ClInclude Include="JugX\FileReaderWriter.h">
      <Filter>File\FileReaderWriter</Filter>
    </ClInclude>
    <ClInclude Include="JugX\Random.h">
      <Filter>Random</Filter>
    </ClInclude>
    <ClInclude Include="JugX\JsonSerializer.h">
      <Filter>Serializer\Json</Filter>
    </ClInclude>
    <ClInclude Include="JugX\JsonDeserializer.h">
      <Filter>Serializer\Json</Filter>
    </ClInclude>
    <ClInclude Include="JugX\SerializeError.h">
      <Filter>Serializer\Error</Filter>
    </ClInclude>
    <ClInclude Include="JugX\StringParser.h">
      <Filter>String</Filter>
    </ClInclude>
    <ClInclude Include="JugX\LruCache.h">
      <Filter>Container\LruCache</Filter>
    </ClInclude>
    <ClInclude Include="JugX\Macro.h">
      <Filter>Base</Filter>
    </ClInclude>
    <ClInclude Include="JugX\JsonAdlSerializer.h">
      <Filter>Serializer\Json</Filter>
    </ClInclude>
    <ClInclude Include="JugX\HandleStorage.h">
      <Filter>Handle</Filter>
    </ClInclude>
    <ClInclude Include="JugX\FixedBlockMemoryPool.h">
      <Filter>Memroy\MemoryPool</Filter>
    </ClInclude>
    <ClInclude Include="JugX\EventDispatcher.h">
      <Filter>Event</Filter>
    </ClInclude>
    <ClInclude Include="JugX\Event.h">
      <Filter>Event</Filter>
    </ClInclude>
    <ClInclude Include="JugX\Result.h">
      <Filter>Error</Filter>
    </ClInclude>
    <ClInclude Include="JugX\Error.h">
      <Filter>Error</Filter>
    </ClInclude>
    <ClInclude Include="JugX\FileReader.h">
      <Filter>File\FileReaderWriter</Filter>
    </ClInclude>
    <ClInclude Include="JugX\FileWriter.h">
      <Filter>File\FileReaderWriter</Filter>
    </ClInclude>
    <ClInclude Include="JugX\SystemError.h">
      <Filter>Error</Filter>
    </ClInclude>
    <ClInclude Include="JugX\pch.h">
      <Filter>Base</Filter>
    </ClInclude>
    <ClInclude Include="JugX\Tag.h">
      <Filter>Type</Filter>
    </ClInclude>
    <ClInclude Include="JugX\Fatal.h">
      <Filter>Base</Filter>
    </ClInclude>
    <ClInclude Include="JugX\OS.h">
      <Filter>OS</Filter>
    </ClInclude>
    <ClInclude Include="JugX\OsAPI.h">
      <Filter>OS</Filter>
    </ClInclude>
    <ClInclude Include="JugX\MemoryHasher.h">
      <Filter>Hash\Hasher</Filter>
    </ClInclude>
    <ClInclude Include="JugX\NoopHasher.h">
      <Filter>Hash\Hasher</Filter>
    </ClInclude>
    <ClInclude Include="JugX\StringHasher.h">
      <Filter>Hash\Hasher</Filter>
    </ClInclude>
    <ClInclude Include="JugX\Hash.h">
      <Filter>Hash\Utils</Filter>
    </ClInclude>
    <ClInclude Include="JugX\Platform.h">
      <Filter>Base</Filter>
    </ClInclude>
  </ItemGroup>
  <ItemGroup>
    <ClCompile Include="JugX\StringEncoder.cpp">
      <Filter>String</Filter>
    </ClCompile>
    <ClCompile Include="JugX\ConsoleLogger.cpp">
      <Filter>Log</Filter>
    </ClCompile>
    <ClCompile Include="JugX\Logger.cpp">
      <Filter>Log</Filter>
    </ClCompile>
    <ClCompile Include="JugX\Timer.cpp">
      <Filter>Timer</Filter>
    </ClCompile>
    <ClCompile Include="JugX\TimeStamp.cpp">
      <Filter>Timer</Filter>
    </ClCompile>
    <ClCompile Include="JugX\FileLogger.cpp">
      <Filter>Log</Filter>
    </ClCompile>
    <ClCompile Include="JugX\MemoryLogger.cpp">
      <Filter>Log</Filter>
    </ClCompile>
    <ClCompile Include="JugX\GroupLogger.cpp">
      <Filter>Log</Filter>
    </ClCompile>
    <ClCompile Include="JugX\Alloc.cpp">
      <Filter>Memroy\Alloc</Filter>
    </ClCompile>
    <ClCompile Include="JugX\Assert.cpp">
      <Filter>Base</Filter>
    </ClCompile>
    <ClCompile Include="JugX\CoreLogger.cpp">
      <Filter>Log</Filter>
    </ClCompile>
    <ClCompile Include="JugX\FileReaderWriter.cpp">
      <Filter>File\FileReaderWriter</Filter>
    </ClCompile>
    <ClCompile Include="JugX\Random.cpp">
      <Filter>Random</Filter>
    </ClCompile>
    <ClCompile Include="JugX\JsonDeserializer.cpp">
      <Filter>Serializer\Json</Filter>
    </ClCompile>
    <ClCompile Include="JugX\JsonSerializer.cpp">
      <Filter>Serializer\Json</Filter>
    </ClCompile>
    <ClCompile Include="JugX\Event.cpp">
      <Filter>Event</Filter>
    </ClCompile>
    <ClCompile Include="JugX\EventDispatcher.cpp">
      <Filter>Event</Filter>
    </ClCompile>
    <ClCompile Include="JugX\Memory.cpp">
      <Filter>Memroy\Memory</Filter>
    </ClCompile>
    <ClCompile Include="JugX\SerializeError.cpp">
      <Filter>Serializer\Error</Filter>
    </ClCompile>
    <ClCompile Include="JugX\FileReader.cpp">
      <Filter>File\FileReaderWriter</Filter>
    </ClCompile>
    <ClCompile Include="JugX\FileWriter.cpp">
      <Filter>File\FileReaderWriter</Filter>
    </ClCompile>
    <ClCompile Include="JugX\SystemError.cpp">
      <Filter>Error</Filter>
    </ClCompile>
    <ClCompile Include="JugX\StringFormat.cpp">
      <Filter>String</Filter>
    </ClCompile>
    <ClCompile Include="JugX\Result.cpp">
      <Filter>Error</Filter>
    </ClCompile>
    <ClCompile Include="JugX\FixedBlockMemoryPool.cpp">
      <Filter>Memroy\MemoryPool</Filter>
    </ClCompile>
    <ClCompile Include="JugX\MemoryArena.cpp">
      <Filter>Memroy\MemoryPool</Filter>
    </ClCompile>
    <ClCompile Include="JugX\RefCount.cpp">
      <Filter>Memroy\SmartPointer</Filter>
    </ClCompile>
    <ClCompile Include="JugX\pch.cpp">
      <Filter>Base</Filter>
    </ClCompile>
    <ClCompile Include="JugX\AABB.cpp">
      <Filter>Math\Geomtry</Filter>
    </ClCompile>
    <ClCompile Include="JugX\AffineTransform.cpp">
      <Filter>Math\Geomtry</Filter>
    </ClCompile>
    <ClCompile Include="JugX\Align.cpp">
      <Filter>Memroy\Utils</Filter>
    </ClCompile>
    <ClCompile Include="JugX\Allocator.cpp">
      <Filter>Memroy\Alloc</Filter>
    </ClCompile>
    <ClCompile Include="JugX\AxisAngle.cpp">
      <Filter>Math\LinearAlgebra\Quaternion</Filter>
    </ClCompile>
    <ClCompile Include="JugX\Callable.cpp">
      <Filter>Callable</Filter>
    </ClCompile>
    <ClCompile Include="JugX\Collision.cpp">
      <Filter>Math\Geomtry</Filter>
    </ClCompile>
    <ClCompile Include="JugX\Config.cpp">
      <Filter>Base</Filter>
    </ClCompile>
    <ClCompile Include="JugX\Corner.cpp">
      <Filter>Math\Geomtry</Filter>
    </ClCompile>
    <ClCompile Include="JugX\EnumArray.cpp">
      <Filter>Enum</Filter>
    </ClCompile>
    <ClCompile Include="JugX\EnumFlags.cpp">
      <Filter>Enum</Filter>
    </ClCompile>
    <ClCompile Include="JugX\EnumRefl.cpp">
      <Filter>Enum</Filter>
    </ClCompile>
    <ClCompile Include="JugX\Error.cpp">
      <Filter>Error</Filter>
    </ClCompile>
    <ClCompile Include="JugX\Float16.cpp">
      <Filter>Math\Misc</Filter>
    </ClCompile>
    <ClCompile Include="JugX\Frustum.cpp">
      <Filter>Math\Geomtry</Filter>
    </ClCompile>
    <ClCompile Include="JugX\Handle.cpp">
      <Filter>Handle</Filter>
    </ClCompile>
    <ClCompile Include="JugX\HandleAllocator.cpp">
      <Filter>Handle</Filter>
    </ClCompile>
    <ClCompile Include="JugX\HandleStorage.cpp">
      <Filter>Handle</Filter>
    </ClCompile>
    <ClCompile Include="JugX\Interval.cpp">
      <Filter>Math\Geomtry</Filter>
    </ClCompile>
    <ClCompile Include="JugX\JsonAdlSerializer.cpp">
      <Filter>Serializer\Json</Filter>
    </ClCompile>
    <ClCompile Include="JugX\LruCache.cpp">
      <Filter>Container\LruCache</Filter>
    </ClCompile>
    <ClCompile Include="JugX\Macro.cpp">
      <Filter>Base</Filter>
    </ClCompile>
    <ClCompile Include="JugX\Math.cpp">
      <Filter>Math\Base</Filter>
    </ClCompile>
    <ClCompile Include="JugX\Matrix.cpp">
      <Filter>Math\LinearAlgebra\Matrix</Filter>
    </ClCompile>
    <ClCompile Include="JugX\MemoryView.cpp">
      <Filter>Memroy\Memory</Filter>
    </ClCompile>
    <ClCompile Include="JugX\OBB.cpp">
      <Filter>Math\Geomtry</Filter>
    </ClCompile>
    <ClCompile Include="JugX\ObjectPool.cpp">
      <Filter>Memroy\MemoryPool</Filter>
    </ClCompile>
    <ClCompile Include="JugX\Octree.cpp">
      <Filter>Math\AccelatorStructure</Filter>
    </ClCompile>
    <ClCompile Include="JugX\Plane.cpp">
      <Filter>Math\Geomtry</Filter>
    </ClCompile>
    <ClCompile Include="JugX\Quaternion.cpp">
      <Filter>Math\LinearAlgebra\Quaternion</Filter>
    </ClCompile>
    <ClCompile Include="JugX\RGBA.cpp">
      <Filter>Math\Misc</Filter>
    </ClCompile>
    <ClCompile Include="JugX\Ray.cpp">
      <Filter>Math\Geomtry</Filter>
    </ClCompile>
    <ClCompile Include="JugX\Ref.cpp">
      <Filter>Memroy\SmartPointer</Filter>
    </ClCompile>
    <ClCompile Include="JugX\ResourcePool.cpp">
      <Filter>Handle</Filter>
    </ClCompile>
    <ClCompile Include="JugX\RingBuffer.cpp">
      <Filter>Container\RingBuffer</Filter>
    </ClCompile>
    <ClCompile Include="JugX\SIMD.cpp">
      <Filter>Math\Base</Filter>
    </ClCompile>
    <ClCompile Include="JugX\Scoped.cpp">
      <Filter>Memroy\SmartPointer</Filter>
    </ClCompile>
    <ClCompile Include="JugX\Sphere.cpp">
      <Filter>Math\Geomtry</Filter>
    </ClCompile>
    <ClCompile Include="JugX\StringParser.cpp">
      <Filter>String</Filter>
    </ClCompile>
    <ClCompile Include="JugX\Triangle.cpp">
      <Filter>Math\Geomtry</Filter>
    </ClCompile>
    <ClCompile Include="JugX\TypeRefl.cpp">
      <Filter>Type</Filter>
    </ClCompile>
    <ClCompile Include="JugX\TypeTraits.cpp">
      <Filter>Type</Filter>
    </ClCompile>
    <ClCompile Include="JugX\Typedef.cpp">
      <Filter>Base</Filter>
    </ClCompile>
    <ClCompile Include="JugX\Vector.cpp">
      <Filter>Math\LinearAlgebra\Vector</Filter>
    </ClCompile>
    <ClCompile Include="JugX\Vector2.cpp">
      <Filter>Math\LinearAlgebra\Vector</Filter>
    </ClCompile>
    <ClCompile Include="JugX\Vector3.cpp">
      <Filter>Math\LinearAlgebra\Vector</Filter>
    </ClCompile>
    <ClCompile Include="JugX\Vector4.cpp">
      <Filter>Math\LinearAlgebra\Vector</Filter>
    </ClCompile>
    <ClCompile Include="JugX\Tag.cpp">
      <Filter>Type</Filter>
    </ClCompile>
    <ClCompile Include="JugX\Fatal.cpp">
      <Filter>Base</Filter>
    </ClCompile>
    <ClCompile Include="JugX\OS.cpp">
      <Filter>OS</Filter>
    </ClCompile>
    <ClCompile Include="JugX\OsAPI.cpp">
      <Filter>OS</Filter>
    </ClCompile>
    <ClCompile Include="JugX\MemoryHasher.cpp">
      <Filter>Hash\Hasher</Filter>
    </ClCompile>
    <ClCompile Include="JugX\NoopHasher.cpp">
      <Filter>Hash\Hasher</Filter>
    </ClCompile>
    <ClCompile Include="JugX\StringHasher.cpp">
      <Filter>Hash\Hasher</Filter>
    </ClCompile>
    <ClCompile Include="JugX\Hash.cpp">
      <Filter>Hash\Utils</Filter>
    </ClCompile>
    <ClCompile Include="JugX\Platform.cpp">
      <Filter>Base</Filter>
    </ClCompile>
  </ItemGroup>
  <ItemGroup>
    <None Include="JugX\Matrix.inl">
      <Filter>Math\LinearAlgebra\Matrix</Filter>
    </None>
    <None Include="JugX\Math.inl">
      <Filter>Math\Base</Filter>
    </None>
    <None Include="JugX\Quaternion.inl">
      <Filter>Math\LinearAlgebra\Quaternion</Filter>
    </None>
  </ItemGroup>
  <ItemGroup>
    <Filter Include="Math">
      <UniqueIdentifier>{fff22974-57e6-43ef-80ab-aeb3ce064dbb}</UniqueIdentifier>
    </Filter>
    <Filter Include="Math\Geomtry">
      <UniqueIdentifier>{2a06a665-f727-4629-8a85-b5c99565950b}</UniqueIdentifier>
    </Filter>
    <Filter Include="Memroy">
      <UniqueIdentifier>{eca122ae-f59d-4d96-8bfc-db445c0eab09}</UniqueIdentifier>
    </Filter>
    <Filter Include="Math\LinearAlgebra">
      <UniqueIdentifier>{41291b13-7754-4d97-8115-45a2967499ce}</UniqueIdentifier>
    </Filter>
    <Filter Include="Callable">
      <UniqueIdentifier>{7912628b-6359-4892-a5cc-3373b5a0976e}</UniqueIdentifier>
    </Filter>
    <Filter Include="Math\Misc">
      <UniqueIdentifier>{df0b2208-8d20-4bcd-af74-3315ff12354e}</UniqueIdentifier>
    </Filter>
    <Filter Include="Handle">
      <UniqueIdentifier>{70d121a6-3724-4d5d-9aa5-46cc00327b29}</UniqueIdentifier>
    </Filter>
    <Filter Include="Serializer">
      <UniqueIdentifier>{e9769a57-6500-4f50-85d1-90bdb4f69177}</UniqueIdentifier>
    </Filter>
    <Filter Include="Math\Base">
      <UniqueIdentifier>{b00eab76-0eec-42ef-ab98-b63c60b842a4}</UniqueIdentifier>
    </Filter>
    <Filter Include="Math\LinearAlgebra\Quaternion">
      <UniqueIdentifier>{fc3929e5-8ed3-4550-99cb-1ee6665c94f2}</UniqueIdentifier>
    </Filter>
    <Filter Include="Math\LinearAlgebra\Matrix">
      <UniqueIdentifier>{47c71b1c-aa7c-42cc-8d91-b7bb7b673f85}</UniqueIdentifier>
    </Filter>
    <Filter Include="Math\LinearAlgebra\Vector">
      <UniqueIdentifier>{4683edf6-90d7-41d0-9a49-c5476473c5e7}</UniqueIdentifier>
    </Filter>
    <Filter Include="Math\AccelatorStructure">
      <UniqueIdentifier>{9c9ab120-eb54-4a8b-b8f0-addb134b50ea}</UniqueIdentifier>
    </Filter>
    <Filter Include="Memroy\SmartPointer">
      <UniqueIdentifier>{e7bdb48c-2a32-4a33-a5e4-b2af16077232}</UniqueIdentifier>
    </Filter>
    <Filter Include="Base">
      <UniqueIdentifier>{033548be-33b4-464d-a8e1-2ed92ddb3c2a}</UniqueIdentifier>
    </Filter>
    <Filter Include="Memroy\MemoryPool">
      <UniqueIdentifier>{da9d66ec-3e16-4056-9cfc-2467fe9523c2}</UniqueIdentifier>
    </Filter>
    <Filter Include="Type">
      <UniqueIdentifier>{1303bc83-8dce-491a-a53d-863476cd5bc8}</UniqueIdentifier>
    </Filter>
    <Filter Include="File">
      <UniqueIdentifier>{e0bef7f1-3f92-491f-81a8-cb03ce95cd06}</UniqueIdentifier>
    </Filter>
    <Filter Include="String">
      <UniqueIdentifier>{27827b7f-5600-4238-8b8e-671cb89fb07d}</UniqueIdentifier>
    </Filter>
    <Filter Include="Serializer\Json">
      <UniqueIdentifier>{123e75fc-a018-44f5-976b-f84c64259643}</UniqueIdentifier>
    </Filter>
    <Filter Include="Memroy\Memory">
      <UniqueIdentifier>{bb87f8af-d865-49dc-92d5-41b465e97e52}</UniqueIdentifier>
    </Filter>
    <Filter Include="Log">
      <UniqueIdentifier>{046371e7-dfc7-4b21-b7b6-d545cbfd4b2a}</UniqueIdentifier>
    </Filter>
    <Filter Include="Timer">
      <UniqueIdentifier>{82bfa850-1d93-4eb9-b030-c3d4f2dcca71}</UniqueIdentifier>
    </Filter>
    <Filter Include="Container">
      <UniqueIdentifier>{97ca42be-b5f7-4cc4-9526-9b613e42ccce}</UniqueIdentifier>
    </Filter>
    <Filter Include="Container\RingBuffer">
      <UniqueIdentifier>{b0809a31-d670-42e3-87b4-f6d617c827d0}</UniqueIdentifier>
    </Filter>
    <Filter Include="Memroy\Utils">
      <UniqueIdentifier>{b06543a9-5805-4f72-9929-eb026fd63fb2}</UniqueIdentifier>
    </Filter>
    <Filter Include="Memroy\Alloc">
      <UniqueIdentifier>{8a4b4ae4-fde1-4f53-8145-5f347b6948cb}</UniqueIdentifier>
    </Filter>
    <Filter Include="Random">
      <UniqueIdentifier>{5fd620fc-eab8-4a71-8807-6697971a5a16}</UniqueIdentifier>
    </Filter>
    <Filter Include="File\FileReaderWriter">
      <UniqueIdentifier>{5231be14-ce62-4dc5-8998-5b31f4917df9}</UniqueIdentifier>
    </Filter>
    <Filter Include="Serializer\Error">
      <UniqueIdentifier>{95449975-1bad-4735-a3c0-976b8512652b}</UniqueIdentifier>
    </Filter>
    <Filter Include="Container\LruCache">
      <UniqueIdentifier>{b9cb76f2-cccd-47cf-b33a-efd97e2c5b90}</UniqueIdentifier>
    </Filter>
    <Filter Include="Event">
      <UniqueIdentifier>{9047d9f4-1199-473b-88fd-4cdf1c4395e2}</UniqueIdentifier>
    </Filter>
    <Filter Include="Error">
      <UniqueIdentifier>{e9380b4c-ec51-49ba-adfd-91a4d2ac8216}</UniqueIdentifier>
    </Filter>
    <Filter Include="Enum">
      <UniqueIdentifier>{d700385b-22bf-4fe2-9c97-4c257729b4e6}</UniqueIdentifier>
    </Filter>
    <Filter Include="OS">
      <UniqueIdentifier>{1a62ea88-ff7e-434e-b1d5-aff7f57da21b}</UniqueIdentifier>
    </Filter>
    <Filter Include="Hash">
      <UniqueIdentifier>{82e296ce-906c-43ac-9117-e4937c0c7f55}</UniqueIdentifier>
    </Filter>
    <Filter Include="Hash\Hasher">
      <UniqueIdentifier>{6ce4f2f0-3eb7-4132-b9f7-be877e7efb9b}</UniqueIdentifier>
    </Filter>
    <Filter Include="Hash\Utils">
      <UniqueIdentifier>{fcb604ef-7a09-4ad9-b837-b60333ae03ee}</UniqueIdentifier>
    </Filter>
  </ItemGroup>
</Project>